
Microsoft Visual Studio Solution File, Format Version 12.00
# Visual Studio 15
VisualStudioVersion = 15.0.28010.2016
MinimumVisualStudioVersion = 10.0.40219.1
Project("{8BC9CEB8-8B4A-11D0-8D11-00A0C91BC942}") = "BlackJack Assignment", "BlackJack Assignment\BlackJack Assignment.vcxproj", "{6A3CC6F2-8780-4361-A207-D2F4ABD69F64}"
EndProject
Global
	GlobalSection(SolutionConfigurationPlatforms) = preSolution
		Debug|x64 = Debug|x64
		Debug|x86 = Debug|x86
		Release|x64 = Release|x64
		Release|x86 = Release|x86
	EndGlobalSection
	GlobalSection(ProjectConfigurationPlatforms) = postSolution
		{6A3CC6F2-8780-4361-A207-D2F4ABD69F64}.Debug|x64.ActiveCfg = Debug|x64
		{6A3CC6F2-8780-4361-A207-D2F4ABD69F64}.Debug|x64.Build.0 = Debug|x64
		{6A3CC6F2-8780-4361-A207-D2F4ABD69F64}.Debug|x86.ActiveCfg = Debug|Win32
		{6A3CC6F2-8780-4361-A207-D2F4ABD69F64}.Debug|x86.Build.0 = Debug|Win32
		{6A3CC6F2-8780-4361-A207-D2F4ABD69F64}.Release|x64.ActiveCfg = Release|x64
		{6A3CC6F2-8780-4361-A207-D2F4ABD69F64}.Release|x64.Build.0 = Release|x64
		{6A3CC6F2-8780-4361-A207-D2F4ABD69F64}.Release|x86.ActiveCfg = Release|Win32
		{6A3CC6F2-8780-4361-A207-D2F4ABD69F64}.Release|x86.Build.0 = Release|Win32
	EndGlobalSection
	GlobalSection(SolutionProperties) = preSolution
		HideSolutionNode = FALSE
	EndGlobalSection
	GlobalSection(ExtensibilityGlobals) = postSolution
		SolutionGuid = {2B130D9B-B774-470E-9EFF-5E0B6EEEF4C0}
	EndGlobalSection
EndGlobal
